<?xml version="1.0" encoding="utf-8"?>
<Project ToolsVersion="4.0" xmlns="http://schemas.microsoft.com/developer/msbuild/2003">
  <ItemGroup>
    <Filter Include="ソース ファイル">
      <UniqueIdentifier>{4FC737F1-C7A5-4376-A066-2A32D752A2FF}</UniqueIdentifier>
      <Extensions>cpp;c;cc;cxx;def;odl;idl;hpj;bat;asm;asmx</Extensions>
    </Filter>
    <Filter Include="ヘッダー ファイル">
      <UniqueIdentifier>{93995380-89BD-4b04-88EB-625FBE52EBFB}</UniqueIdentifier>
      <Extensions>h;hh;hpp;hxx;hm;inl;inc;ipp;xsd</Extensions>
    </Filter>
    <Filter Include="リソース ファイル">
      <UniqueIdentifier>{67DA6AB6-F800-4c08-8B7A-83BB121AAD01}</UniqueIdentifier>
      <Extensions>rc;ico;cur;bmp;dlg;rc2;rct;bin;rgs;gif;jpg;jpeg;jpe;resx;tiff;tif;png;wav;mfcribbon-ms</Extensions>
    </Filter>
    <Filter Include="ソース ファイル\Math">
      <UniqueIdentifier>{6604facb-e03b-4a96-a24e-888db69f32af}</UniqueIdentifier>
    </Filter>
    <Filter Include="ヘッダー ファイル\Math">
      <UniqueIdentifier>{66224367-209d-489a-a121-6e7e88c9cf65}</UniqueIdentifier>
    </Filter>
    <Filter Include="ソース ファイル\SAGASA">
      <UniqueIdentifier>{a2afb51e-ffa3-467c-acbb-c5190a112055}</UniqueIdentifier>
    </Filter>
    <Filter Include="ヘッダー ファイル\SAGASA">
      <UniqueIdentifier>{9a39f670-72ca-4499-8e1c-6d0fa32b0200}</UniqueIdentifier>
    </Filter>
    <Filter Include="ソース ファイル\Actors">
      <UniqueIdentifier>{50fe2993-84fa-45e7-9cc8-6a2f7570ebd3}</UniqueIdentifier>
    </Filter>
    <Filter Include="ソース ファイル\Scenes">
      <UniqueIdentifier>{2eabec00-d242-4b64-b44e-62e0ae619c65}</UniqueIdentifier>
    </Filter>
    <Filter Include="ヘッダー ファイル\Actors">
      <UniqueIdentifier>{4a0544d0-3c33-4e37-9408-74c9f0aa182d}</UniqueIdentifier>
    </Filter>
    <Filter Include="ヘッダー ファイル\Scenes">
      <UniqueIdentifier>{46eedc51-8da8-4218-a0ba-96840a60f7a4}</UniqueIdentifier>
    </Filter>
    <Filter Include="ソース ファイル\Actors\Player">
      <UniqueIdentifier>{ccbdfccc-1743-4972-874c-5d621a4befe2}</UniqueIdentifier>
    </Filter>
    <Filter Include="ヘッダー ファイル\Actors\Player">
      <UniqueIdentifier>{6541b4ac-e7f9-46e9-aa1b-1c7e75a71aba}</UniqueIdentifier>
    </Filter>
    <Filter Include="ヘッダー ファイル\Actors\Prop">
      <UniqueIdentifier>{184c4d0c-6f0e-49b3-885a-c52142fb405d}</UniqueIdentifier>
    </Filter>
    <Filter Include="ソース ファイル\Shade">
      <UniqueIdentifier>{d81b6013-c2e8-4bdb-9d86-f31eaaaf133a}</UniqueIdentifier>
    </Filter>
  </ItemGroup>
  <ItemGroup>
    <ClCompile Include="main.cpp">
      <Filter>ソース ファイル</Filter>
    </ClCompile>
    <ClCompile Include="World.cpp">
      <Filter>ソース ファイル</Filter>
    </ClCompile>
    <ClCompile Include="SceneManager.cpp">
      <Filter>ソース ファイル</Filter>
    </ClCompile>
    <ClCompile Include="CSVReader.cpp">
      <Filter>ソース ファイル</Filter>
    </ClCompile>
    <ClCompile Include="ByteBuf.cpp">
      <Filter>ソース ファイル\SAGASA</Filter>
    </ClCompile>
    <ClCompile Include="MapGenerator.cpp">
      <Filter>ソース ファイル</Filter>
    </ClCompile>
    <ClCompile Include="Actor.cpp">
      <Filter>ソース ファイル\Actors</Filter>
    </ClCompile>
    <ClCompile Include="Camera.cpp">
      <Filter>ソース ファイル\Actors</Filter>
    </ClCompile>
    <ClCompile Include="CarGhost.cpp">
      <Filter>ソース ファイル\Actors</Filter>
    </ClCompile>
    <ClCompile Include="Light.cpp">
      <Filter>ソース ファイル\Actors</Filter>
    </ClCompile>
    <ClCompile Include="Poltergeist.cpp">
      <Filter>ソース ファイル\Actors</Filter>
    </ClCompile>
    <ClCompile Include="Field.cpp">
      <Filter>ソース ファイル</Filter>
    </ClCompile>
    <ClCompile Include="SurogSakones.cpp">
      <Filter>ソース ファイル\Actors</Filter>
    </ClCompile>
    <ClCompile Include="RushGhost.cpp">
      <Filter>ソース ファイル\Actors</Filter>
    </ClCompile>
    <ClCompile Include="PsycokinesisBullet.cpp">
      <Filter>ソース ファイル\Actors</Filter>
    </ClCompile>
    <ClCompile Include="PoltergeistBullet.cpp">
      <Filter>ソース ファイル\Actors</Filter>
    </ClCompile>
    <ClCompile Include="AnimatedMesh.cpp">
      <Filter>ソース ファイル\Math</Filter>
    </ClCompile>
    <ClCompile Include="BoundingSphere.cpp">
      <Filter>ソース ファイル\Math</Filter>
    </ClCompile>
    <ClCompile Include="ActorManager.cpp">
      <Filter>ソース ファイル</Filter>
    </ClCompile>
    <ClCompile Include="BossTestScene.cpp">
      <Filter>ソース ファイル\Scenes</Filter>
    </ClCompile>
    <ClCompile Include="EnemyTestScene.cpp">
      <Filter>ソース ファイル\Scenes</Filter>
    </ClCompile>
    <ClCompile Include="GamePlayScene.cpp">
      <Filter>ソース ファイル\Scenes</Filter>
    </ClCompile>
    <ClCompile Include="PlayerTestScene.cpp">
      <Filter>ソース ファイル\Scenes</Filter>
    </ClCompile>
    <ClCompile Include="TitleScene.cpp">
      <Filter>ソース ファイル\Scenes</Filter>
    </ClCompile>
    <ClCompile Include="NormalGhost.cpp">
      <Filter>ソース ファイル\Actors</Filter>
    </ClCompile>
    <ClCompile Include="player_paladin.cpp">
      <Filter>ソース ファイル\Actors\Player</Filter>
    </ClCompile>
    <ClCompile Include="player_ghost.cpp">
      <Filter>ソース ファイル\Actors\Player</Filter>
    </ClCompile>
    <ClCompile Include="AttackCollider.cpp">
      <Filter>ソース ファイル\Actors</Filter>
    </ClCompile>
    <ClCompile Include="ChangeItem.cpp">
      <Filter>ソース ファイル\Actors</Filter>
    </ClCompile>
    <ClCompile Include="UI.cpp">
      <Filter>ソース ファイル</Filter>
    </ClCompile>
    <ClCompile Include="Player.cpp">
      <Filter>ソース ファイル\Actors\Player</Filter>
    </ClCompile>
    <ClCompile Include="interact_collider.cpp">
      <Filter>ソース ファイル\Actors\Player</Filter>
    </ClCompile>
    <ClCompile Include="ResultScene.cpp">
      <Filter>ソース ファイル\Scenes</Filter>
    </ClCompile>
    <ClCompile Include="GameOverScene.cpp">
      <Filter>ソース ファイル\Scenes</Filter>
    </ClCompile>
    <ClCompile Include="ParticleManager.cpp">
      <Filter>ソース ファイル</Filter>
    </ClCompile>
    <ClCompile Include="Particle.cpp">
      <Filter>ソース ファイル\Actors</Filter>
    </ClCompile>
    <ClCompile Include="Fade.cpp">
      <Filter>ソース ファイル</Filter>
    </ClCompile>
    <ClCompile Include="StageClearScene.cpp">
      <Filter>ソース ファイル\Scenes</Filter>
    </ClCompile>
    <ClCompile Include="DeathSmoke.cpp">
      <Filter>ソース ファイル</Filter>
    </ClCompile>
    <ClCompile Include="ESurogSakones.cpp">
      <Filter>ソース ファイル\Actors</Filter>
    </ClCompile>
    <ClCompile Include="EPsycokinesisBullet.cpp">
      <Filter>ソース ファイル\Actors</Filter>
    </ClCompile>
  </ItemGroup>
  <ItemGroup>
    <ClInclude Include="ActorManager.h">
      <Filter>ヘッダー ファイル</Filter>
    </ClInclude>
    <ClInclude Include="Assets.h">
      <Filter>ヘッダー ファイル</Filter>
    </ClInclude>
    <ClInclude Include="Field.h">
      <Filter>ヘッダー ファイル</Filter>
    </ClInclude>
    <ClInclude Include="IWorld.h">
      <Filter>ヘッダー ファイル</Filter>
    </ClInclude>
    <ClInclude Include="World.h">
      <Filter>ヘッダー ファイル</Filter>
    </ClInclude>
    <ClInclude Include="SceneManager.h">
      <Filter>ヘッダー ファイル</Filter>
    </ClInclude>
    <ClInclude Include="CSVReader.h">
      <Filter>ヘッダー ファイル</Filter>
    </ClInclude>
    <ClInclude Include="ByteBuf.h">
      <Filter>ヘッダー ファイル\SAGASA</Filter>
    </ClInclude>
    <ClInclude Include="MapGenerator.h">
      <Filter>ヘッダー ファイル</Filter>
    </ClInclude>
    <ClInclude Include="Actor.h">
      <Filter>ヘッダー ファイル\Actors</Filter>
    </ClInclude>
    <ClInclude Include="Camera.h">
      <Filter>ヘッダー ファイル\Actors</Filter>
    </ClInclude>
    <ClInclude Include="CarGhost.h">
      <Filter>ヘッダー ファイル\Actors</Filter>
    </ClInclude>
    <ClInclude Include="Light.h">
      <Filter>ヘッダー ファイル\Actors</Filter>
    </ClInclude>
    <ClInclude Include="Poltergeist.h">
      <Filter>ヘッダー ファイル\Actors</Filter>
    </ClInclude>
    <ClInclude Include="PoltergeistBullet.h">
      <Filter>ヘッダー ファイル\Actors</Filter>
    </ClInclude>
    <ClInclude Include="PsycokinesisBullet.h">
      <Filter>ヘッダー ファイル\Actors</Filter>
    </ClInclude>
    <ClInclude Include="RushGhost.h">
      <Filter>ヘッダー ファイル\Actors</Filter>
    </ClInclude>
    <ClInclude Include="SurogSakones.h">
      <Filter>ヘッダー ファイル\Actors</Filter>
    </ClInclude>
    <ClInclude Include="BossTestScene.h">
      <Filter>ヘッダー ファイル\Scenes</Filter>
    </ClInclude>
    <ClInclude Include="EnemyTestScene.h">
      <Filter>ヘッダー ファイル\Scenes</Filter>
    </ClInclude>
    <ClInclude Include="GamePlayScene.h">
      <Filter>ヘッダー ファイル\Scenes</Filter>
    </ClInclude>
    <ClInclude Include="PlayerTestScene.h">
      <Filter>ヘッダー ファイル\Scenes</Filter>
    </ClInclude>
    <ClInclude Include="TitleScene.h">
      <Filter>ヘッダー ファイル\Scenes</Filter>
    </ClInclude>
    <ClInclude Include="IScene.h">
      <Filter>ヘッダー ファイル\Scenes</Filter>
    </ClInclude>
    <ClInclude Include="SceneNull.h">
      <Filter>ヘッダー ファイル\Scenes</Filter>
    </ClInclude>
    <ClInclude Include="Ray.h">
      <Filter>ヘッダー ファイル\Math</Filter>
    </ClInclude>
    <ClInclude Include="Line.h">
      <Filter>ヘッダー ファイル\Math</Filter>
    </ClInclude>
    <ClInclude Include="BoundingSphere.h">
      <Filter>ヘッダー ファイル\Math</Filter>
    </ClInclude>
    <ClInclude Include="AnimatedMesh.h">
      <Filter>ヘッダー ファイル\Math</Filter>
    </ClInclude>
    <ClInclude Include="NormalGhost.h">
      <Filter>ヘッダー ファイル\Actors</Filter>
    </ClInclude>
    <ClInclude Include="player_paladin.h">
      <Filter>ヘッダー ファイル\Actors\Player</Filter>
    </ClInclude>
    <ClInclude Include="player_info.h">
      <Filter>ヘッダー ファイル\Actors\Player</Filter>
    </ClInclude>
    <ClInclude Include="player_ghost.h">
      <Filter>ヘッダー ファイル\Actors\Player</Filter>
    </ClInclude>
    <ClInclude Include="AttackCollider.h">
      <Filter>ヘッダー ファイル\Actors</Filter>
    </ClInclude>
    <ClInclude Include="thread_pool.h">
      <Filter>ヘッダー ファイル\SAGASA</Filter>
    </ClInclude>
    <ClInclude Include="resource_loader.h">
      <Filter>ヘッダー ファイル\SAGASA</Filter>
    </ClInclude>
    <ClInclude Include="ChangeItem.h">
      <Filter>ヘッダー ファイル\Actors</Filter>
    </ClInclude>
    <ClInclude Include="UI.h">
      <Filter>ヘッダー ファイル</Filter>
    </ClInclude>
    <ClInclude Include="Player.h">
      <Filter>ヘッダー ファイル\Actors\Player</Filter>
    </ClInclude>
    <ClInclude Include="interact_collider.h">
      <Filter>ヘッダー ファイル\Actors\Player</Filter>
    </ClInclude>
    <ClInclude Include="DamageProp.h">
      <Filter>ヘッダー ファイル\Actors\Prop</Filter>
    </ClInclude>
    <ClInclude Include="interact_prop.h">
      <Filter>ヘッダー ファイル\Actors\Prop</Filter>
    </ClInclude>
    <ClInclude Include="ResultScene.h">
      <Filter>ヘッダー ファイル\Scenes</Filter>
    </ClInclude>
    <ClInclude Include="GameOverScene.h">
      <Filter>ヘッダー ファイル\Scenes</Filter>
    </ClInclude>
    <ClInclude Include="ParticleManager.h">
      <Filter>ヘッダー ファイル</Filter>
    </ClInclude>
    <ClInclude Include="Particle.h">
      <Filter>ヘッダー ファイル\Actors</Filter>
    </ClInclude>
    <ClInclude Include="Fade.h">
      <Filter>ヘッダー ファイル</Filter>
    </ClInclude>
    <ClInclude Include="StageClearScene.h">
      <Filter>ヘッダー ファイル\Scenes</Filter>
    </ClInclude>
    <ClInclude Include="DeathSmoke.h">
      <Filter>ヘッダー ファイル</Filter>
    </ClInclude>
    <ClInclude Include="EPsycokinesisBullet.h">
      <Filter>ヘッダー ファイル\Actors</Filter>
    </ClInclude>
    <ClInclude Include="ESurogSakones.h">
      <Filter>ヘッダー ファイル\Actors</Filter>
    </ClInclude>
  </ItemGroup>
  <ItemGroup>
    <None Include="Paladin.vert">
      <Filter>ソース ファイル\Shade</Filter>
    </None>
    <None Include="Ghost.frag">
      <Filter>ソース ファイル\Shade</Filter>
    </None>
    <None Include="Ghost.vert">
      <Filter>ソース ファイル\Shade</Filter>
    </None>
    <None Include="Paladin.frag">
      <Filter>ソース ファイル\Shade</Filter>
    </None>
  </ItemGroup>
</Project>