<?xml version="1.0" encoding="utf-8"?>
<Project ToolsVersion="4.0" xmlns="http://schemas.microsoft.com/developer/msbuild/2003">
  <ItemGroup>
    <Filter Include="ソース ファイル">
      <UniqueIdentifier>{4FC737F1-C7A5-4376-A066-2A32D752A2FF}</UniqueIdentifier>
      <Extensions>cpp;c;cc;cxx;def;odl;idl;hpj;bat;asm;asmx</Extensions>
    </Filter>
    <Filter Include="ヘッダー ファイル">
      <UniqueIdentifier>{93995380-89BD-4b04-88EB-625FBE52EBFB}</UniqueIdentifier>
      <Extensions>h;hh;hpp;hxx;hm;inl;inc;ipp;xsd</Extensions>
    </Filter>
    <Filter Include="リソース ファイル">
      <UniqueIdentifier>{67DA6AB6-F800-4c08-8B7A-83BB121AAD01}</UniqueIdentifier>
      <Extensions>rc;ico;cur;bmp;dlg;rc2;rct;bin;rgs;gif;jpg;jpeg;jpe;resx;tiff;tif;png;wav;mfcribbon-ms</Extensions>
    </Filter>
    <Filter Include="ソース ファイル\Math">
      <UniqueIdentifier>{6604facb-e03b-4a96-a24e-888db69f32af}</UniqueIdentifier>
    </Filter>
    <Filter Include="ヘッダー ファイル\Math">
      <UniqueIdentifier>{66224367-209d-489a-a121-6e7e88c9cf65}</UniqueIdentifier>
    </Filter>
    <Filter Include="ソース ファイル\SAGASA">
      <UniqueIdentifier>{a2afb51e-ffa3-467c-acbb-c5190a112055}</UniqueIdentifier>
    </Filter>
    <Filter Include="ヘッダー ファイル\SAGASA">
      <UniqueIdentifier>{9a39f670-72ca-4499-8e1c-6d0fa32b0200}</UniqueIdentifier>
    </Filter>
    <Filter Include="ソース ファイル\Actors">
      <UniqueIdentifier>{50fe2993-84fa-45e7-9cc8-6a2f7570ebd3}</UniqueIdentifier>
    </Filter>
    <Filter Include="ソース ファイル\Scenes">
      <UniqueIdentifier>{2eabec00-d242-4b64-b44e-62e0ae619c65}</UniqueIdentifier>
    </Filter>
    <Filter Include="ヘッダー ファイル\Actors">
      <UniqueIdentifier>{4a0544d0-3c33-4e37-9408-74c9f0aa182d}</UniqueIdentifier>
    </Filter>
    <Filter Include="ヘッダー ファイル\Scenes">
      <UniqueIdentifier>{46eedc51-8da8-4218-a0ba-96840a60f7a4}</UniqueIdentifier>
    </Filter>
    <Filter Include="ソース ファイル\Actors\Player">
      <UniqueIdentifier>{ccbdfccc-1743-4972-874c-5d621a4befe2}</UniqueIdentifier>
    </Filter>
    <Filter Include="ヘッダー ファイル\Actors\Player">
      <UniqueIdentifier>{6541b4ac-e7f9-46e9-aa1b-1c7e75a71aba}</UniqueIdentifier>
    </Filter>
    <Filter Include="ヘッダー ファイル\Actors\Prop">
      <UniqueIdentifier>{184c4d0c-6f0e-49b3-885a-c52142fb405d}</UniqueIdentifier>
    </Filter>
    <Filter Include="ソース ファイル\Shade">
      <UniqueIdentifier>{d81b6013-c2e8-4bdb-9d86-f31eaaaf133a}</UniqueIdentifier>
    </Filter>
  </ItemGroup>
  <ItemGroup>
    <ClCompile Include="src\main.cpp">
      <Filter>ソース ファイル</Filter>
    </ClCompile>
    <ClCompile Include="src\World.cpp">
      <Filter>ソース ファイル</Filter>
    </ClCompile>
    <ClCompile Include="src\scene\SceneManager.cpp">
      <Filter>ソース ファイル</Filter>
    </ClCompile>
    <ClCompile Include="src\CSVReader.cpp">
      <Filter>ソース ファイル</Filter>
    </ClCompile>
    <ClCompile Include="src\ByteBuf.cpp">
      <Filter>ソース ファイル\SAGASA</Filter>
    </ClCompile>
    <ClCompile Include="src\MapGenerator.cpp">
      <Filter>ソース ファイル</Filter>
    </ClCompile>
    <ClCompile Include="src\actor\Actor.cpp">
      <Filter>ソース ファイル\Actors</Filter>
    </ClCompile>
    <ClCompile Include="src\actor\Camera.cpp">
      <Filter>ソース ファイル\Actors</Filter>
    </ClCompile>
    <ClCompile Include="src\actor\CarGhost.cpp">
      <Filter>ソース ファイル\Actors</Filter>
    </ClCompile>
    <ClCompile Include="src\actor\Light.cpp">
      <Filter>ソース ファイル\Actors</Filter>
    </ClCompile>
    <ClCompile Include="src\actor\Poltergeist.cpp">
      <Filter>ソース ファイル\Actors</Filter>
    </ClCompile>
    <ClCompile Include="src\collider\Field.cpp">
      <Filter>ソース ファイル</Filter>
    </ClCompile>
    <ClCompile Include="src\actor\SurogSakones.cpp">
      <Filter>ソース ファイル\Actors</Filter>
    </ClCompile>
    <ClCompile Include="src\actor\RushGhost.cpp">
      <Filter>ソース ファイル\Actors</Filter>
    </ClCompile>
    <ClCompile Include="src\actor\PsycokinesisBullet.cpp">
      <Filter>ソース ファイル\Actors</Filter>
    </ClCompile>
    <ClCompile Include="src\actor\PoltergeistBullet.cpp">
      <Filter>ソース ファイル\Actors</Filter>
    </ClCompile>
    <ClCompile Include="src\AnimatedMesh.cpp">
      <Filter>ソース ファイル\Math</Filter>
    </ClCompile>
    <ClCompile Include="src\collider\BoundingSphere.cpp">
      <Filter>ソース ファイル\Math</Filter>
    </ClCompile>
    <ClCompile Include="src\ActorManager.cpp">
      <Filter>ソース ファイル</Filter>
    </ClCompile>
    <ClCompile Include="src\scene\BossTestScene.cpp">
      <Filter>ソース ファイル\Scenes</Filter>
    </ClCompile>
    <ClCompile Include="src\scene\EnemyTestScene.cpp">
      <Filter>ソース ファイル\Scenes</Filter>
    </ClCompile>
    <ClCompile Include="src\scene\GamePlayScene.cpp">
      <Filter>ソース ファイル\Scenes</Filter>
    </ClCompile>
    <ClCompile Include="src\scene\PlayerTestScene.cpp">
      <Filter>ソース ファイル\Scenes</Filter>
    </ClCompile>
    <ClCompile Include="src\scene\TitleScene.cpp">
      <Filter>ソース ファイル\Scenes</Filter>
    </ClCompile>
    <ClCompile Include="src\actor\NormalGhost.cpp">
      <Filter>ソース ファイル\Actors</Filter>
    </ClCompile>
    <ClCompile Include="src\actor\player_paladin.cpp">
      <Filter>ソース ファイル\Actors\Player</Filter>
    </ClCompile>
    <ClCompile Include="src\actor\player_ghost.cpp">
      <Filter>ソース ファイル\Actors\Player</Filter>
    </ClCompile>
    <ClCompile Include="src\collider\AttackCollider.cpp">
      <Filter>ソース ファイル\Actors</Filter>
    </ClCompile>
    <ClCompile Include="src\UI.cpp">
      <Filter>ソース ファイル</Filter>
    </ClCompile>
    <ClCompile Include="src\actor\Player.cpp">
      <Filter>ソース ファイル\Actors\Player</Filter>
    </ClCompile>
    <ClCompile Include="src\collider\interact_collider.cpp">
      <Filter>ソース ファイル\Actors\Player</Filter>
    </ClCompile>
    <ClCompile Include="src\scene\ResultScene.cpp">
      <Filter>ソース ファイル\Scenes</Filter>
    </ClCompile>
    <ClCompile Include="src\scene\GameOverScene.cpp">
      <Filter>ソース ファイル\Scenes</Filter>
    </ClCompile>
    <ClCompile Include="src\ParticleManager.cpp">
      <Filter>ソース ファイル</Filter>
    </ClCompile>
    <ClCompile Include="src\Particle.cpp">
      <Filter>ソース ファイル\Actors</Filter>
    </ClCompile>
    <ClCompile Include="src\Fade.cpp">
      <Filter>ソース ファイル</Filter>
    </ClCompile>
    <ClCompile Include="src\scene\StageClearScene.cpp">
      <Filter>ソース ファイル\Scenes</Filter>
    </ClCompile>
    <ClCompile Include="src\actor\DeathSmoke.cpp">
      <Filter>ソース ファイル</Filter>
    </ClCompile>
    <ClCompile Include="src\actor\ESurogSakones.cpp">
      <Filter>ソース ファイル\Actors</Filter>
    </ClCompile>
    <ClCompile Include="src\actor\EPsycokinesisBullet.cpp">
      <Filter>ソース ファイル\Actors</Filter>
    </ClCompile>
    <ClCompile Include="src\actor\HPBar.cpp">
      <Filter>ソース ファイル</Filter>
    </ClCompile>
    <ClCompile Include="src\actor\PaladinSpawn.cpp">
      <Filter>ソース ファイル</Filter>
    </ClCompile>
  </ItemGroup>
  <ItemGroup>
    <ClInclude Include="src\ActorManager.h">
      <Filter>ヘッダー ファイル</Filter>
    </ClInclude>
    <ClInclude Include="src\Assets.h">
      <Filter>ヘッダー ファイル</Filter>
    </ClInclude>
    <ClInclude Include="src\collider\Field.h">
      <Filter>ヘッダー ファイル</Filter>
    </ClInclude>
    <ClInclude Include="src\IWorld.h">
      <Filter>ヘッダー ファイル</Filter>
    </ClInclude>
    <ClInclude Include="src\World.h">
      <Filter>ヘッダー ファイル</Filter>
    </ClInclude>
    <ClInclude Include="src\scene\SceneManager.h">
      <Filter>ヘッダー ファイル</Filter>
    </ClInclude>
    <ClInclude Include="src\CSVReader.h">
      <Filter>ヘッダー ファイル</Filter>
    </ClInclude>
    <ClInclude Include="src\ByteBuf.h">
      <Filter>ヘッダー ファイル\SAGASA</Filter>
    </ClInclude>
    <ClInclude Include="src\MapGenerator.h">
      <Filter>ヘッダー ファイル</Filter>
    </ClInclude>
    <ClInclude Include="src\actor\Actor.h">
      <Filter>ヘッダー ファイル\Actors</Filter>
    </ClInclude>
    <ClInclude Include="src\actor\Camera.h">
      <Filter>ヘッダー ファイル\Actors</Filter>
    </ClInclude>
    <ClInclude Include="src\actor\CarGhost.h">
      <Filter>ヘッダー ファイル\Actors</Filter>
    </ClInclude>
    <ClInclude Include="src\actor\Light.h">
      <Filter>ヘッダー ファイル\Actors</Filter>
    </ClInclude>
    <ClInclude Include="src\actor\Poltergeist.h">
      <Filter>ヘッダー ファイル\Actors</Filter>
    </ClInclude>
    <ClInclude Include="src\actor\PoltergeistBullet.h">
      <Filter>ヘッダー ファイル\Actors</Filter>
    </ClInclude>
    <ClInclude Include="src\actor\PsycokinesisBullet.h">
      <Filter>ヘッダー ファイル\Actors</Filter>
    </ClInclude>
    <ClInclude Include="src\actor\RushGhost.h">
      <Filter>ヘッダー ファイル\Actors</Filter>
    </ClInclude>
    <ClInclude Include="src\actor\SurogSakones.h">
      <Filter>ヘッダー ファイル\Actors</Filter>
    </ClInclude>
    <ClInclude Include="src\scene\BossTestScene.h">
      <Filter>ヘッダー ファイル\Scenes</Filter>
    </ClInclude>
    <ClInclude Include="src\scene\EnemyTestScene.h">
      <Filter>ヘッダー ファイル\Scenes</Filter>
    </ClInclude>
    <ClInclude Include="src\scene\GamePlayScene.h">
      <Filter>ヘッダー ファイル\Scenes</Filter>
    </ClInclude>
    <ClInclude Include="src\scene\PlayerTestScene.h">
      <Filter>ヘッダー ファイル\Scenes</Filter>
    </ClInclude>
    <ClInclude Include="src\scene\TitleScene.h">
      <Filter>ヘッダー ファイル\Scenes</Filter>
    </ClInclude>
    <ClInclude Include="src\scene\IScene.h">
      <Filter>ヘッダー ファイル\Scenes</Filter>
    </ClInclude>
    <ClInclude Include="src\scene\SceneNull.h">
      <Filter>ヘッダー ファイル\Scenes</Filter>
    </ClInclude>
    <ClInclude Include="src\Ray.h">
      <Filter>ヘッダー ファイル\Math</Filter>
    </ClInclude>
    <ClInclude Include="src\Line.h">
      <Filter>ヘッダー ファイル\Math</Filter>
    </ClInclude>
    <ClInclude Include="src\collider\BoundingSphere.h">
      <Filter>ヘッダー ファイル\Math</Filter>
    </ClInclude>
    <ClInclude Include="src\AnimatedMesh.h">
      <Filter>ヘッダー ファイル\Math</Filter>
    </ClInclude>
    <ClInclude Include="src\actor\NormalGhost.h">
      <Filter>ヘッダー ファイル\Actors</Filter>
    </ClInclude>
    <ClInclude Include="src\actor\player_paladin.h">
      <Filter>ヘッダー ファイル\Actors\Player</Filter>
    </ClInclude>
    <ClInclude Include="src\actor\player_info.h">
      <Filter>ヘッダー ファイル\Actors\Player</Filter>
    </ClInclude>
    <ClInclude Include="src\actor\player_ghost.h">
      <Filter>ヘッダー ファイル\Actors\Player</Filter>
    </ClInclude>
    <ClInclude Include="src\collider\AttackCollider.h">
      <Filter>ヘッダー ファイル\Actors</Filter>
    </ClInclude>
    <ClInclude Include="src\thread_pool.h">
      <Filter>ヘッダー ファイル\SAGASA</Filter>
    </ClInclude>
    <ClInclude Include="src\resource_loader.h">
      <Filter>ヘッダー ファイル\SAGASA</Filter>
    </ClInclude>
    <ClInclude Include="src\UI.h">
      <Filter>ヘッダー ファイル</Filter>
    </ClInclude>
    <ClInclude Include="src\actor\Player.h">
      <Filter>ヘッダー ファイル\Actors\Player</Filter>
    </ClInclude>
    <ClInclude Include="src\collider\interact_collider.h">
      <Filter>ヘッダー ファイル\Actors\Player</Filter>
    </ClInclude>
    <ClInclude Include="src\DamageProp.h">
      <Filter>ヘッダー ファイル\Actors\Prop</Filter>
    </ClInclude>
    <ClInclude Include="src\collider\interact_prop.h">
      <Filter>ヘッダー ファイル\Actors\Prop</Filter>
    </ClInclude>
    <ClInclude Include="src\scene\ResultScene.h">
      <Filter>ヘッダー ファイル\Scenes</Filter>
    </ClInclude>
    <ClInclude Include="src\scene\GameOverScene.h">
      <Filter>ヘッダー ファイル\Scenes</Filter>
    </ClInclude>
    <ClInclude Include="src\ParticleManager.h">
      <Filter>ヘッダー ファイル</Filter>
    </ClInclude>
    <ClInclude Include="src\Particle.h">
      <Filter>ヘッダー ファイル\Actors</Filter>
    </ClInclude>
    <ClInclude Include="src\Fade.h">
      <Filter>ヘッダー ファイル</Filter>
    </ClInclude>
    <ClInclude Include="src\scene\StageClearScene.h">
      <Filter>ヘッダー ファイル\Scenes</Filter>
    </ClInclude>
    <ClInclude Include="src\actor\DeathSmoke.h">
      <Filter>ヘッダー ファイル</Filter>
    </ClInclude>
    <ClInclude Include="src\actor\EPsycokinesisBullet.h">
      <Filter>ヘッダー ファイル\Actors</Filter>
    </ClInclude>
    <ClInclude Include="src\actor\ESurogSakones.h">
      <Filter>ヘッダー ファイル\Actors</Filter>
    </ClInclude>
    <ClInclude Include="src\actor\HPBar.h">
      <Filter>ヘッダー ファイル</Filter>
    </ClInclude>
    <ClInclude Include="src\ClearObj.h">
      <Filter>ヘッダー ファイル\Actors</Filter>
    </ClInclude>
    <ClInclude Include="src\actor\PaladinSpawn.h">
      <Filter>ヘッダー ファイル</Filter>
    </ClInclude>
  </ItemGroup>
  <ItemGroup>
    <None Include="Assets\Shader\Paladin.frag">
      <Filter>ソース ファイル\Shade</Filter>
    </None>
    <None Include="Assets\Shader\Paladin.vert">
      <Filter>ソース ファイル\Shade</Filter>
    </None>
    <None Include="Assets\Shader\PoltergeistBullet.frag">
      <Filter>ソース ファイル\Shade</Filter>
    </None>
    <None Include="Assets\Shader\PoltergeistBullet.vert">
      <Filter>ソース ファイル\Shade</Filter>
    </None>
  </ItemGroup>
</Project>